{
  "pins" : [
    {
      "identity" : "alamofire",
      "kind" : "remoteSourceControl",
      "location" : "https://github.com/Alamofire/Alamofire",
      "state" : {
        "branch" : "master",
        "revision" : "78424be314842833c04bc3bef5b72e85fff99204"
      }
    },
    {
      "identity" : "alamofireimage",
      "kind" : "remoteSourceControl",
      "location" : "https://github.com/Alamofire/AlamofireImage",
      "state" : {
        "revision" : "98cbb00ce0ec5fc8e52a5b50a6bfc08d3e5aee10",
        "version" : "4.2.0"
      }
    },
    {
      "identity" : "cosmos",
      "kind" : "remoteSourceControl",
      "location" : "https://github.com/evgenyneu/Cosmos",
      "state" : {
        "branch" : "master",
        "revision" : "cce521e734d0090494bd4afab5fd2e2f2465c1af"
      }
    },
    {
      "identity" : "dropdown",
      "kind" : "remoteSourceControl",
      "location" : "https://github.com/AssistoLab/DropDown",
      "state" : {
        "branch" : "master",
        "revision" : "2ab6f6ce19f0117d1a76ea043ef8f57722c65d16"
      }
    },
    {
      "identity" : "materialactivityindicator",
      "kind" : "remoteSourceControl",
      "location" : "https://github.com/nspavlo/MaterialActivityIndicator",
      "state" : {
        "branch" : "master",
        "revision" : "097d31631b16cf9cc80b74b43026ccfda5db52d3"
      }
    },
    {
      "identity" : "swiftalertview",
      "kind" : "remoteSourceControl",
      "location" : "https://github.com/dinhquan/SwiftAlertView",
      "state" : {
        "branch" : "master",
        "revision" : "501f3adf5e9663763b7eb8726740a74116cd9dfd"
      }
    }
  ],
  "version" : 2
}
